
Microsoft Visual Studio Solution File, Format Version 12.00
# Visual Studio Version 17
VisualStudioVersion = 17.9.34728.123
MinimumVisualStudioVersion = 10.0.40219.1
Project("{9A19103F-16F7-4668-BE54-9A1E7A4F7556}") = "Sistema_Gestion_Negocio_ASP.NET_MVC", "Sistema_Gestion_Negocio_ASP.NET_MVC.csproj", "{96A48B5C-D982-4E56-B386-2A52EE453B76}"
EndProject
Global
	GlobalSection(SolutionConfigurationPlatforms) = preSolution
		Debug|Any CPU = Debug|Any CPU
		Release|Any CPU = Release|Any CPU
	EndGlobalSection
	GlobalSection(ProjectConfigurationPlatforms) = postSolution
		{96A48B5C-D982-4E56-B386-2A52EE453B76}.Debug|Any CPU.ActiveCfg = Debug|Any CPU
		{96A48B5C-D982-4E56-B386-2A52EE453B76}.Debug|Any CPU.Build.0 = Debug|Any CPU
		{96A48B5C-D982-4E56-B386-2A52EE453B76}.Release|Any CPU.ActiveCfg = Release|Any CPU
		{96A48B5C-D982-4E56-B386-2A52EE453B76}.Release|Any CPU.Build.0 = Release|Any CPU
	EndGlobalSection
	GlobalSection(SolutionProperties) = preSolution
		HideSolutionNode = FALSE
	EndGlobalSection
	GlobalSection(ExtensibilityGlobals) = postSolution
		SolutionGuid = {B4B43BC8-8C62-47D2-8A07-675F572FB602}
	EndGlobalSection
EndGlobal
